// !$*UTF8*$!
{
	archiveVersion = 1;
	classes = {
	};
	objectVersion = 46;
	objects = {

/* Begin PBXBuildFile section */
		D452BBC3142B386A00338DEA /* Cocoa.framework in Frameworks */ = {isa = PBXBuildFile; fileRef = D452BBC2142B386A00338DEA /* Cocoa.framework */; };
		D452BBCD142B386A00338DEA /* InfoPlist.strings in Resources */ = {isa = PBXBuildFile; fileRef = D452BBCB142B386A00338DEA /* InfoPlist.strings */; };
		D452BBCF142B386A00338DEA /* main.m in Sources */ = {isa = PBXBuildFile; fileRef = D452BBCE142B386A00338DEA /* main.m */; };
		D452BBD3142B386A00338DEA /* Credits.rtf in Resources */ = {isa = PBXBuildFile; fileRef = D452BBD1142B386A00338DEA /* Credits.rtf */; };
		D452BBD6142B386A00338DEA /* DrgnAppDelegate.m in Sources */ = {isa = PBXBuildFile; fileRef = D452BBD5142B386A00338DEA /* DrgnAppDelegate.m */; };
		D452BBD9142B386B00338DEA /* MainMenu.xib in Resources */ = {isa = PBXBuildFile; fileRef = D452BBD7142B386B00338DEA /* MainMenu.xib */; };
		D452BBE1142B386B00338DEA /* SenTestingKit.framework in Frameworks */ = {isa = PBXBuildFile; fileRef = D452BBE0142B386B00338DEA /* SenTestingKit.framework */; };
		D452BBE2142B386B00338DEA /* Cocoa.framework in Frameworks */ = {isa = PBXBuildFile; fileRef = D452BBC2142B386A00338DEA /* Cocoa.framework */; };
		D452BBEA142B386B00338DEA /* InfoPlist.strings in Resources */ = {isa = PBXBuildFile; fileRef = D452BBE8142B386B00338DEA /* InfoPlist.strings */; };
/* End PBXBuildFile section */

/* Begin PBXContainerItemProxy section */
		D452BBE3142B386B00338DEA /* PBXContainerItemProxy */ = {
			isa = PBXContainerItemProxy;
			containerPortal = D452BBB5142B386A00338DEA /* Project object */;
			proxyType = 1;
			remoteGlobalIDString = D452BBBD142B386A00338DEA;
			remoteInfo = Drgn;
		};
/* End PBXContainerItemProxy section */

/* Begin PBXFileReference section */
		D452BBBE142B386A00338DEA /* Drgn.app */ = {isa = PBXFileReference; explicitFileType = wrapper.application; includeInIndex = 0; path = Drgn.app; sourceTree = BUILT_PRODUCTS_DIR; };
		D452BBC2142B386A00338DEA /* Cocoa.framework */ = {isa = PBXFileReference; lastKnownFileType = wrapper.framework; name = Cocoa.framework; path = System/Library/Frameworks/Cocoa.framework; sourceTree = SDKROOT; };
		D452BBC5142B386A00338DEA /* AppKit.framework */ = {isa = PBXFileReference; lastKnownFileType = wrapper.framework; name = AppKit.framework; path = System/Library/Frameworks/AppKit.framework; sourceTree = SDKROOT; };
		D452BBC6142B386A00338DEA /* CoreData.framework */ = {isa = PBXFileReference; lastKnownFileType = wrapper.framework; name = CoreData.framework; path = System/Library/Frameworks/CoreData.framework; sourceTree = SDKROOT; };
		D452BBC7142B386A00338DEA /* Foundation.framework */ = {isa = PBXFileReference; lastKnownFileType = wrapper.framework; name = Foundation.framework; path = System/Library/Frameworks/Foundation.framework; sourceTree = SDKROOT; };
		D452BBCA142B386A00338DEA /* Drgn-Info.plist */ = {isa = PBXFileReference; lastKnownFileType = text.plist.xml; path = "Drgn-Info.plist"; sourceTree = "<group>"; };
		D452BBCC142B386A00338DEA /* en */ = {isa = PBXFileReference; lastKnownFileType = text.plist.strings; name = en; path = en.lproj/InfoPlist.strings; sourceTree = "<group>"; };
		D452BBCE142B386A00338DEA /* main.m */ = {isa = PBXFileReference; lastKnownFileType = sourcecode.c.objc; path = main.m; sourceTree = "<group>"; };
		D452BBD0142B386A00338DEA /* Drgn-Prefix.pch */ = {isa = PBXFileReference; lastKnownFileType = sourcecode.c.h; path = "Drgn-Prefix.pch"; sourceTree = "<group>"; };
		D452BBD2142B386A00338DEA /* en */ = {isa = PBXFileReference; lastKnownFileType = text.rtf; name = en; path = en.lproj/Credits.rtf; sourceTree = "<group>"; };
		D452BBD4142B386A00338DEA /* DrgnAppDelegate.h */ = {isa = PBXFileReference; lastKnownFileType = sourcecode.c.h; path = DrgnAppDelegate.h; sourceTree = "<group>"; };
		D452BBD5142B386A00338DEA /* DrgnAppDelegate.m */ = {isa = PBXFileReference; lastKnownFileType = sourcecode.c.objc; path = DrgnAppDelegate.m; sourceTree = "<group>"; };
		D452BBD8142B386B00338DEA /* en */ = {isa = PBXFileReference; lastKnownFileType = file.xib; name = en; path = en.lproj/MainMenu.xib; sourceTree = "<group>"; };
		D452BBDF142B386B00338DEA /* DrgnTests.octest */ = {isa = PBXFileReference; explicitFileType = wrapper.cfbundle; includeInIndex = 0; path = DrgnTests.octest; sourceTree = BUILT_PRODUCTS_DIR; };
		D452BBE0142B386B00338DEA /* SenTestingKit.framework */ = {isa = PBXFileReference; lastKnownFileType = wrapper.framework; name = SenTestingKit.framework; path = Library/Frameworks/SenTestingKit.framework; sourceTree = DEVELOPER_DIR; };
		D452BBE7142B386B00338DEA /* DrgnTests-Info.plist */ = {isa = PBXFileReference; lastKnownFileType = text.plist.xml; path = "DrgnTests-Info.plist"; sourceTree = "<group>"; };
		D452BBE9142B386B00338DEA /* en */ = {isa = PBXFileReference; lastKnownFileType = text.plist.strings; name = en; path = en.lproj/InfoPlist.strings; sourceTree = "<group>"; };
/* End PBXFileReference section */

/* Begin PBXFrameworksBuildPhase section */
		D452BBBB142B386A00338DEA /* Frameworks */ = {
			isa = PBXFrameworksBuildPhase;
			buildActionMask = 2147483647;
			files = (
				D452BBC3142B386A00338DEA /* Cocoa.framework in Frameworks */,
			);
			runOnlyForDeploymentPostprocessing = 0;
		};
		D452BBDB142B386B00338DEA /* Frameworks */ = {
			isa = PBXFrameworksBuildPhase;
			buildActionMask = 2147483647;
			files = (
				D452BBE1142B386B00338DEA /* SenTestingKit.framework in Frameworks */,
				D452BBE2142B386B00338DEA /* Cocoa.framework in Frameworks */,
			);
			runOnlyForDeploymentPostprocessing = 0;
		};
/* End PBXFrameworksBuildPhase section */

/* Begin PBXGroup section */
		D452BBB3142B386A00338DEA = {
			isa = PBXGroup;
			children = (
				D452BBC8142B386A00338DEA /* Drgn */,
				D452BBE5142B386B00338DEA /* DrgnTests */,
				D452BBC1142B386A00338DEA /* Frameworks */,
				D452BBBF142B386A00338DEA /* Products */,
			);
			sourceTree = "<group>";
		};
		D452BBBF142B386A00338DEA /* Products */ = {
			isa = PBXGroup;
			children = (
				D452BBBE142B386A00338DEA /* Drgn.app */,
				D452BBDF142B386B00338DEA /* DrgnTests.octest */,
			);
			name = Products;
			sourceTree = "<group>";
		};
		D452BBC1142B386A00338DEA /* Frameworks */ = {
			isa = PBXGroup;
			children = (
				D452BBC2142B386A00338DEA /* Cocoa.framework */,
				D452BBE0142B386B00338DEA /* SenTestingKit.framework */,
				D452BBC4142B386A00338DEA /* Other Frameworks */,
			);
			name = Frameworks;
			sourceTree = "<group>";
		};
		D452BBC4142B386A00338DEA /* Other Frameworks */ = {
			isa = PBXGroup;
			children = (
				D452BBC5142B386A00338DEA /* AppKit.framework */,
				D452BBC6142B386A00338DEA /* CoreData.framework */,
				D452BBC7142B386A00338DEA /* Foundation.framework */,
			);
			name = "Other Frameworks";
			sourceTree = "<group>";
		};
		D452BBC8142B386A00338DEA /* Drgn */ = {
			isa = PBXGroup;
			children = (
				D452BBF8142B38D100338DEA /* Controller */,
				D452BBF7142B389100338DEA /* View */,
				D452BBD7142B386B00338DEA /* MainMenu.xib */,
				D452BBC9142B386A00338DEA /* Supporting Files */,
			);
			path = Drgn;
			sourceTree = "<group>";
		};
		D452BBC9142B386A00338DEA /* Supporting Files */ = {
			isa = PBXGroup;
			children = (
				D452BBCA142B386A00338DEA /* Drgn-Info.plist */,
				D452BBCB142B386A00338DEA /* InfoPlist.strings */,
				D452BBCE142B386A00338DEA /* main.m */,
				D452BBD0142B386A00338DEA /* Drgn-Prefix.pch */,
				D452BBD1142B386A00338DEA /* Credits.rtf */,
			);
			name = "Supporting Files";
			sourceTree = "<group>";
		};
		D452BBE5142B386B00338DEA /* DrgnTests */ = {
			isa = PBXGroup;
			children = (
				D452BBE6142B386B00338DEA /* Supporting Files */,
			);
			path = DrgnTests;
			sourceTree = "<group>";
		};
		D452BBE6142B386B00338DEA /* Supporting Files */ = {
			isa = PBXGroup;
			children = (
				D452BBE7142B386B00338DEA /* DrgnTests-Info.plist */,
				D452BBE8142B386B00338DEA /* InfoPlist.strings */,
			);
			name = "Supporting Files";
			sourceTree = "<group>";
		};
		D452BBF7142B389100338DEA /* View */ = {
			isa = PBXGroup;
			children = (
			);
			path = View;
			sourceTree = "<group>";
		};
		D452BBF8142B38D100338DEA /* Controller */ = {
			isa = PBXGroup;
			children = (
				D452BBD4142B386A00338DEA /* DrgnAppDelegate.h */,
				D452BBD5142B386A00338DEA /* DrgnAppDelegate.m */,
			);
			path = Controller;
			sourceTree = "<group>";
		};
/* End PBXGroup section */

/* Begin PBXNativeTarget section */
		D452BBBD142B386A00338DEA /* Drgn */ = {
			isa = PBXNativeTarget;
			buildConfigurationList = D452BBF1142B386B00338DEA /* Build configuration list for PBXNativeTarget "Drgn" */;
			buildPhases = (
				D452BBBA142B386A00338DEA /* Sources */,
				D452BBBB142B386A00338DEA /* Frameworks */,
				D452BBBC142B386A00338DEA /* Resources */,
			);
			buildRules = (
			);
			dependencies = (
			);
			name = Drgn;
			productName = Drgn;
			productReference = D452BBBE142B386A00338DEA /* Drgn.app */;
			productType = "com.apple.product-type.application";
		};
		D452BBDE142B386B00338DEA /* DrgnTests */ = {
			isa = PBXNativeTarget;
			buildConfigurationList = D452BBF4142B386B00338DEA /* Build configuration list for PBXNativeTarget "DrgnTests" */;
			buildPhases = (
				D452BBDA142B386B00338DEA /* Sources */,
				D452BBDB142B386B00338DEA /* Frameworks */,
				D452BBDC142B386B00338DEA /* Resources */,
				D452BBDD142B386B00338DEA /* ShellScript */,
			);
			buildRules = (
			);
			dependencies = (
				D452BBE4142B386B00338DEA /* PBXTargetDependency */,
			);
			name = DrgnTests;
			productName = DrgnTests;
			productReference = D452BBDF142B386B00338DEA /* DrgnTests.octest */;
			productType = "com.apple.product-type.bundle";
		};
/* End PBXNativeTarget section */

/* Begin PBXProject section */
		D452BBB5142B386A00338DEA /* Project object */ = {
			isa = PBXProject;
			attributes = {
				ORGANIZATIONNAME = "Monochrome Industries";
			};
			buildConfigurationList = D452BBB8142B386A00338DEA /* Build configuration list for PBXProject "Drgn" */;
			compatibilityVersion = "Xcode 3.2";
			developmentRegion = English;
			hasScannedForEncodings = 0;
			knownRegions = (
				en,
			);
			mainGroup = D452BBB3142B386A00338DEA;
			productRefGroup = D452BBBF142B386A00338DEA /* Products */;
			projectDirPath = "";
			projectRoot = "";
			targets = (
				D452BBBD142B386A00338DEA /* Drgn */,
				D452BBDE142B386B00338DEA /* DrgnTests */,
			);
		};
/* End PBXProject section */

/* Begin PBXResourcesBuildPhase section */
		D452BBBC142B386A00338DEA /* Resources */ = {
			isa = PBXResourcesBuildPhase;
			buildActionMask = 2147483647;
			files = (
				D452BBCD142B386A00338DEA /* InfoPlist.strings in Resources */,
				D452BBD3142B386A00338DEA /* Credits.rtf in Resources */,
				D452BBD9142B386B00338DEA /* MainMenu.xib in Resources */,
			);
			runOnlyForDeploymentPostprocessing = 0;
		};
		D452BBDC142B386B00338DEA /* Resources */ = {
			isa = PBXResourcesBuildPhase;
			buildActionMask = 2147483647;
			files = (
				D452BBEA142B386B00338DEA /* InfoPlist.strings in Resources */,
			);
			runOnlyForDeploymentPostprocessing = 0;
		};
/* End PBXResourcesBuildPhase section */

/* Begin PBXShellScriptBuildPhase section */
		D452BBDD142B386B00338DEA /* ShellScript */ = {
			isa = PBXShellScriptBuildPhase;
			buildActionMask = 2147483647;
			files = (
			);
			inputPaths = (
			);
			outputPaths = (
			);
			runOnlyForDeploymentPostprocessing = 0;
			shellPath = /bin/sh;
			shellScript = "# Run the unit tests in this test bundle.\n\"${SYSTEM_DEVELOPER_DIR}/Tools/RunUnitTests\"\n";
		};
/* End PBXShellScriptBuildPhase section */

/* Begin PBXSourcesBuildPhase section */
		D452BBBA142B386A00338DEA /* Sources */ = {
			isa = PBXSourcesBuildPhase;
			buildActionMask = 2147483647;
			files = (
				D452BBCF142B386A00338DEA /* main.m in Sources */,
				D452BBD6142B386A00338DEA /* DrgnAppDelegate.m in Sources */,
			);
			runOnlyForDeploymentPostprocessing = 0;
		};
		D452BBDA142B386B00338DEA /* Sources */ = {
			isa = PBXSourcesBuildPhase;
			buildActionMask = 2147483647;
			files = (
			);
			runOnlyForDeploymentPostprocessing = 0;
		};
/* End PBXSourcesBuildPhase section */

/* Begin PBXTargetDependency section */
		D452BBE4142B386B00338DEA /* PBXTargetDependency */ = {
			isa = PBXTargetDependency;
			target = D452BBBD142B386A00338DEA /* Drgn */;
			targetProxy = D452BBE3142B386B00338DEA /* PBXContainerItemProxy */;
		};
/* End PBXTargetDependency section */

/* Begin PBXVariantGroup section */
		D452BBCB142B386A00338DEA /* InfoPlist.strings */ = {
			isa = PBXVariantGroup;
			children = (
				D452BBCC142B386A00338DEA /* en */,
			);
			name = InfoPlist.strings;
			sourceTree = "<group>";
		};
		D452BBD1142B386A00338DEA /* Credits.rtf */ = {
			isa = PBXVariantGroup;
			children = (
				D452BBD2142B386A00338DEA /* en */,
			);
			name = Credits.rtf;
			sourceTree = "<group>";
		};
		D452BBD7142B386B00338DEA /* MainMenu.xib */ = {
			isa = PBXVariantGroup;
			children = (
				D452BBD8142B386B00338DEA /* en */,
			);
			name = MainMenu.xib;
			sourceTree = "<group>";
		};
		D452BBE8142B386B00338DEA /* InfoPlist.strings */ = {
			isa = PBXVariantGroup;
			children = (
				D452BBE9142B386B00338DEA /* en */,
			);
			name = InfoPlist.strings;
			sourceTree = "<group>";
		};
/* End PBXVariantGroup section */

/* Begin XCBuildConfiguration section */
		D452BBEF142B386B00338DEA /* Debug */ = {
			isa = XCBuildConfiguration;
			buildSettings = {
				ALWAYS_SEARCH_USER_PATHS = NO;
				ARCHS = "$(ARCHS_STANDARD_64_BIT)";
				COPY_PHASE_STRIP = NO;
				GCC_C_LANGUAGE_STANDARD = gnu99;
				GCC_DYNAMIC_NO_PIC = NO;
				GCC_ENABLE_OBJC_EXCEPTIONS = YES;
				GCC_OPTIMIZATION_LEVEL = 0;
				GCC_PREPROCESSOR_DEFINITIONS = (
					"DEBUG=1",
					"$(inherited)",
				);
				GCC_SYMBOLS_PRIVATE_EXTERN = NO;
				GCC_VERSION = com.apple.compilers.llvm.clang.1_0;
				GCC_WARN_64_TO_32_BIT_CONVERSION = YES;
				GCC_WARN_ABOUT_MISSING_PROTOTYPES = YES;
				GCC_WARN_ABOUT_RETURN_TYPE = YES;
				GCC_WARN_UNUSED_VARIABLE = YES;
				MACOSX_DEPLOYMENT_TARGET = 10.7;
				ONLY_ACTIVE_ARCH = YES;
				SDKROOT = macosx;
			};
			name = Debug;
		};
		D452BBF0142B386B00338DEA /* Release */ = {
			isa = XCBuildConfiguration;
			buildSettings = {
				ALWAYS_SEARCH_USER_PATHS = NO;
				ARCHS = "$(ARCHS_STANDARD_64_BIT)";
				COPY_PHASE_STRIP = YES;
				DEBUG_INFORMATION_FORMAT = "dwarf-with-dsym";
				GCC_C_LANGUAGE_STANDARD = gnu99;
				GCC_ENABLE_OBJC_EXCEPTIONS = YES;
				GCC_VERSION = com.apple.compilers.llvm.clang.1_0;
				GCC_WARN_64_TO_32_BIT_CONVERSION = YES;
				GCC_WARN_ABOUT_MISSING_PROTOTYPES = YES;
				GCC_WARN_ABOUT_RETURN_TYPE = YES;
				GCC_WARN_UNUSED_VARIABLE = YES;
				MACOSX_DEPLOYMENT_TARGET = 10.7;
				SDKROOT = macosx;
			};
			name = Release;
		};
		D452BBF2142B386B00338DEA /* Debug */ = {
			isa = XCBuildConfiguration;
			buildSettings = {
				GCC_PRECOMPILE_PREFIX_HEADER = YES;
				GCC_PREFIX_HEADER = "Drgn/Drgn-Prefix.pch";
				INFOPLIST_FILE = "Drgn/Drgn-Info.plist";
				PRODUCT_NAME = "$(TARGET_NAME)";
				WRAPPER_EXTENSION = app;
			};
			name = Debug;
		};
		D452BBF3142B386B00338DEA /* Release */ = {
			isa = XCBuildConfiguration;
			buildSettings = {
				GCC_PRECOMPILE_PREFIX_HEADER = YES;
				GCC_PREFIX_HEADER = "Drgn/Drgn-Prefix.pch";
				INFOPLIST_FILE = "Drgn/Drgn-Info.plist";
				PRODUCT_NAME = "$(TARGET_NAME)";
				WRAPPER_EXTENSION = app;
			};
			name = Release;
		};
		D452BBF5142B386B00338DEA /* Debug */ = {
			isa = XCBuildConfiguration;
			buildSettings = {
				BUNDLE_LOADER = "$(BUILT_PRODUCTS_DIR)/Drgn.app/Contents/MacOS/Drgn";
				FRAMEWORK_SEARCH_PATHS = "$(DEVELOPER_LIBRARY_DIR)/Frameworks";
				GCC_PRECOMPILE_PREFIX_HEADER = YES;
				GCC_PREFIX_HEADER = "Drgn/Drgn-Prefix.pch";
				INFOPLIST_FILE = "DrgnTests/DrgnTests-Info.plist";
				PRODUCT_NAME = "$(TARGET_NAME)";
				TEST_HOST = "$(BUNDLE_LOADER)";
				WRAPPER_EXTENSION = octest;
			};
			name = Debug;
		};
		D452BBF6142B386B00338DEA /* Release */ = {
			isa = XCBuildConfiguration;
			buildSettings = {
				BUNDLE_LOADER = "$(BUILT_PRODUCTS_DIR)/Drgn.app/Contents/MacOS/Drgn";
				FRAMEWORK_SEARCH_PATHS = "$(DEVELOPER_LIBRARY_DIR)/Frameworks";
				GCC_PRECOMPILE_PREFIX_HEADER = YES;
				GCC_PREFIX_HEADER = "Drgn/Drgn-Prefix.pch";
				INFOPLIST_FILE = "DrgnTests/DrgnTests-Info.plist";
				PRODUCT_NAME = "$(TARGET_NAME)";
				TEST_HOST = "$(BUNDLE_LOADER)";
				WRAPPER_EXTENSION = octest;
			};
			name = Release;
		};
/* End XCBuildConfiguration section */

/* Begin XCConfigurationList section */
		D452BBB8142B386A00338DEA /* Build configuration list for PBXProject "Drgn" */ = {
			isa = XCConfigurationList;
			buildConfigurations = (
				D452BBEF142B386B00338DEA /* Debug */,
				D452BBF0142B386B00338DEA /* Release */,
			);
			defaultConfigurationIsVisible = 0;
			defaultConfigurationName = Release;
		};
		D452BBF1142B386B00338DEA /* Build configuration list for PBXNativeTarget "Drgn" */ = {
			isa = XCConfigurationList;
			buildConfigurations = (
				D452BBF2142B386B00338DEA /* Debug */,
				D452BBF3142B386B00338DEA /* Release */,
			);
			defaultConfigurationIsVisible = 0;
		};
		D452BBF4142B386B00338DEA /* Build configuration list for PBXNativeTarget "DrgnTests" */ = {
			isa = XCConfigurationList;
			buildConfigurations = (
				D452BBF5142B386B00338DEA /* Debug */,
				D452BBF6142B386B00338DEA /* Release */,
			);
			defaultConfigurationIsVisible = 0;
		};
/* End XCConfigurationList section */
	};
	rootObject = D452BBB5142B386A00338DEA /* Project object */;
}
